<?xml version="1.0" encoding="utf-8"?>
<Project ToolsVersion="4.0" xmlns="http://schemas.microsoft.com/developer/msbuild/2003">
  <ItemGroup>
    <Filter Include="Generated Files">
      <UniqueIdentifier>{71ED8ED8-ACB9-4CE9-BBE1-E00B30144E11}</UniqueIdentifier>
      <Extensions>cpp;c;cxx;moc;h;def;odl;idl;res;</Extensions>
    </Filter>
    <Filter Include="Generated Files">
      <UniqueIdentifier>{71ED8ED8-ACB9-4CE9-BBE1-E00B30144E11}</UniqueIdentifier>
      <Extensions>cpp;c;cxx;moc;h;def;odl;idl;res;</Extensions>
    </Filter>
    <Filter Include="Header Files">
      <UniqueIdentifier>{93995380-89BD-4b04-88EB-625FBE52EBFB}</UniqueIdentifier>
      <Extensions>h;hpp;hxx;hm;inl;inc;xsd</Extensions>
    </Filter>
    <Filter Include="Header Files">
      <UniqueIdentifier>{93995380-89BD-4b04-88EB-625FBE52EBFB}</UniqueIdentifier>
      <Extensions>h;hpp;hxx;hm;inl;inc;xsd</Extensions>
    </Filter>
    <Filter Include="Source Files">
      <UniqueIdentifier>{4FC737F1-C7A5-4376-A066-2A32D752A2FF}</UniqueIdentifier>
      <Extensions>cpp;c;cxx;def;odl;idl;hpj;bat;asm;asmx</Extensions>
    </Filter>
    <Filter Include="Source Files">
      <UniqueIdentifier>{4FC737F1-C7A5-4376-A066-2A32D752A2FF}</UniqueIdentifier>
      <Extensions>cpp;c;cxx;def;odl;idl;hpj;bat;asm;asmx</Extensions>
    </Filter>
  </ItemGroup>
  <ItemGroup>
    <ClCompile Include="algebraicdialog.cpp">
      <Filter>Source Files</Filter>
    </ClCompile>
    <ClCompile Include="binarymorphodialog.cpp">
      <Filter>Source Files</Filter>
    </ClCompile>
    <ClCompile Include="clipbox.cpp">
      <Filter>Source Files</Filter>
    </ClCompile>
    <ClCompile Include="clipdialog.cpp">
      <Filter>Source Files</Filter>
    </ClCompile>
    <ClCompile Include="curvecanvas.cpp">
      <Filter>Source Files</Filter>
    </ClCompile>
    <ClCompile Include="curvedialog.cpp">
      <Filter>Source Files</Filter>
    </ClCompile>
    <ClCompile Include="dualthresholddialog.cpp">
      <Filter>Source Files</Filter>
    </ClCompile>
    <ClCompile Include="edgedetectiondialog.cpp">
      <Filter>Source Files</Filter>
    </ClCompile>
    <ClCompile Include="filterdialog.cpp">
      <Filter>Source Files</Filter>
    </ClCompile>
    <ClCompile Include="graymorphodialog.cpp">
      <Filter>Source Files</Filter>
    </ClCompile>
    <ClCompile Include="histogramdialog.cpp">
      <Filter>Source Files</Filter>
    </ClCompile>
    <ClCompile Include="histogramview.cpp">
      <Filter>Source Files</Filter>
    </ClCompile>
    <ClCompile Include="houghtransformdialog.cpp">
      <Filter>Source Files</Filter>
    </ClCompile>
    <ClCompile Include="huesaturalightdialog.cpp">
      <Filter>Source Files</Filter>
    </ClCompile>
    <ClCompile Include="imageoperations.cpp">
      <Filter>Source Files</Filter>
    </ClCompile>
    <ClCompile Include="leveldialog.cpp">
      <Filter>Source Files</Filter>
    </ClCompile>
    <ClCompile Include="log.cpp">
      <Filter>Source Files</Filter>
    </ClCompile>
    <ClCompile Include="main.cpp">
      <Filter>Source Files</Filter>
    </ClCompile>
    <ClCompile Include="photoshopgui.cpp">
      <Filter>Source Files</Filter>
    </ClCompile>
    <ClCompile Include="scaledialog.cpp">
      <Filter>Source Files</Filter>
    </ClCompile>
    <ClCompile Include="structureelementcanvas.cpp">
      <Filter>Source Files</Filter>
    </ClCompile>
    <ClCompile Include="Debug\moc_scaledialog.cpp">
      <Filter>Generated Files</Filter>
    </ClCompile>
    <ClCompile Include="Release\moc_scaledialog.cpp">
      <Filter>Generated Files</Filter>
    </ClCompile>
    <ClCompile Include="Debug\moc_photoshopgui.cpp">
      <Filter>Generated Files</Filter>
    </ClCompile>
    <ClCompile Include="Release\moc_photoshopgui.cpp">
      <Filter>Generated Files</Filter>
    </ClCompile>
    <ClCompile Include="Debug\moc_huesaturalightdialog.cpp">
      <Filter>Generated Files</Filter>
    </ClCompile>
    <ClCompile Include="Release\moc_huesaturalightdialog.cpp">
      <Filter>Generated Files</Filter>
    </ClCompile>
    <ClCompile Include="Debug\moc_houghtransformdialog.cpp">
      <Filter>Generated Files</Filter>
    </ClCompile>
    <ClCompile Include="Release\moc_houghtransformdialog.cpp">
      <Filter>Generated Files</Filter>
    </ClCompile>
    <ClCompile Include="Debug\moc_binarymorphodialog.cpp">
      <Filter>Generated Files</Filter>
    </ClCompile>
    <ClCompile Include="Release\moc_binarymorphodialog.cpp">
      <Filter>Generated Files</Filter>
    </ClCompile>
    <ClCompile Include="Debug\moc_algebraicdialog.cpp">
      <Filter>Generated Files</Filter>
    </ClCompile>
    <ClCompile Include="Release\moc_algebraicdialog.cpp">
      <Filter>Generated Files</Filter>
    </ClCompile>
    <ClCompile Include="Debug\moc_structureelementcanvas.cpp">
      <Filter>Generated Files</Filter>
    </ClCompile>
    <ClCompile Include="Release\moc_structureelementcanvas.cpp">
      <Filter>Generated Files</Filter>
    </ClCompile>
    <ClCompile Include="Debug\moc_leveldialog.cpp">
      <Filter>Generated Files</Filter>
    </ClCompile>
    <ClCompile Include="Release\moc_leveldialog.cpp">
      <Filter>Generated Files</Filter>
    </ClCompile>
    <ClCompile Include="Debug\moc_histogramview.cpp">
      <Filter>Generated Files</Filter>
    </ClCompile>
    <ClCompile Include="Release\moc_histogramview.cpp">
      <Filter>Generated Files</Filter>
    </ClCompile>
    <ClCompile Include="Debug\moc_graymorphodialog.cpp">
      <Filter>Generated Files</Filter>
    </ClCompile>
    <ClCompile Include="Release\moc_graymorphodialog.cpp">
      <Filter>Generated Files</Filter>
    </ClCompile>
    <ClCompile Include="Debug\moc_filterdialog.cpp">
      <Filter>Generated Files</Filter>
    </ClCompile>
    <ClCompile Include="Release\moc_filterdialog.cpp">
      <Filter>Generated Files</Filter>
    </ClCompile>
    <ClCompile Include="Debug\moc_histogramdialog.cpp">
      <Filter>Generated Files</Filter>
    </ClCompile>
    <ClCompile Include="Release\moc_histogramdialog.cpp">
      <Filter>Generated Files</Filter>
    </ClCompile>
    <ClCompile Include="Debug\moc_edgedetectiondialog.cpp">
      <Filter>Generated Files</Filter>
    </ClCompile>
    <ClCompile Include="Release\moc_edgedetectiondialog.cpp">
      <Filter>Generated Files</Filter>
    </ClCompile>
    <ClCompile Include="Debug\moc_dualthresholddialog.cpp">
      <Filter>Generated Files</Filter>
    </ClCompile>
    <ClCompile Include="Release\moc_dualthresholddialog.cpp">
      <Filter>Generated Files</Filter>
    </ClCompile>
    <ClCompile Include="Debug\moc_curvedialog.cpp">
      <Filter>Generated Files</Filter>
    </ClCompile>
    <ClCompile Include="Release\moc_curvedialog.cpp">
      <Filter>Generated Files</Filter>
    </ClCompile>
    <ClCompile Include="Debug\moc_curvecanvas.cpp">
      <Filter>Generated Files</Filter>
    </ClCompile>
    <ClCompile Include="Release\moc_curvecanvas.cpp">
      <Filter>Generated Files</Filter>
    </ClCompile>
    <ClCompile Include="Debug\moc_clipdialog.cpp">
      <Filter>Generated Files</Filter>
    </ClCompile>
    <ClCompile Include="Release\moc_clipdialog.cpp">
      <Filter>Generated Files</Filter>
    </ClCompile>
    <ClCompile Include="Debug\moc_clipbox.cpp">
      <Filter>Generated Files</Filter>
    </ClCompile>
    <ClCompile Include="Release\moc_clipbox.cpp">
      <Filter>Generated Files</Filter>
    </ClCompile>
  </ItemGroup>
  <ItemGroup>
    <CustomBuild Include="algebraicdialog.h">
      <Filter>Header Files</Filter>
    </CustomBuild>
    <CustomBuild Include="binarymorphodialog.h">
      <Filter>Header Files</Filter>
    </CustomBuild>
    <CustomBuild Include="clipbox.h">
      <Filter>Header Files</Filter>
    </CustomBuild>
    <CustomBuild Include="clipdialog.h">
      <Filter>Header Files</Filter>
    </CustomBuild>
    <CustomBuild Include="curvecanvas.h">
      <Filter>Header Files</Filter>
    </CustomBuild>
    <CustomBuild Include="curvedialog.h">
      <Filter>Header Files</Filter>
    </CustomBuild>
    <CustomBuild Include="dualthresholddialog.h">
      <Filter>Header Files</Filter>
    </CustomBuild>
    <CustomBuild Include="edgedetectiondialog.h">
      <Filter>Header Files</Filter>
    </CustomBuild>
    <CustomBuild Include="filterdialog.h">
      <Filter>Header Files</Filter>
    </CustomBuild>
    <CustomBuild Include="graymorphodialog.h">
      <Filter>Header Files</Filter>
    </CustomBuild>
    <CustomBuild Include="histogramdialog.h">
      <Filter>Header Files</Filter>
    </CustomBuild>
    <CustomBuild Include="histogramview.h">
      <Filter>Header Files</Filter>
    </CustomBuild>
    <CustomBuild Include="houghtransformdialog.h">
      <Filter>Header Files</Filter>
    </CustomBuild>
    <CustomBuild Include="huesaturalightdialog.h">
      <Filter>Header Files</Filter>
    </CustomBuild>
    <ClInclude Include="imageoperations.h">
      <Filter>Header Files</Filter>
    </ClInclude>
    <CustomBuild Include="leveldialog.h">
      <Filter>Header Files</Filter>
    </CustomBuild>
    <ClInclude Include="log.h">
      <Filter>Header Files</Filter>
    </ClInclude>
    <CustomBuild Include="photoshopgui.h">
      <Filter>Header Files</Filter>
    </CustomBuild>
    <CustomBuild Include="scaledialog.h">
      <Filter>Header Files</Filter>
    </CustomBuild>
    <CustomBuild Include="structureelementcanvas.h">
      <Filter>Header Files</Filter>
    </CustomBuild>
  </ItemGroup>
</Project>